# THIS IS AN AUTOGENERATED FILE. DO NOT EDIT THIS FILE DIRECTLY.
# yarn lockfile v1


command-exists@^1.2.9:
  version "1.2.9"
  resolved "https://registry.yarnpkg.com/command-exists/-/command-exists-1.2.9.tgz#c50725af3808c8ab0260fd60b01fbfa25b954f69"
  integrity sha512-LTQ/SGc+s0Xc0Fu5WaKnR0YiygZkm9eKFvyS+fRsU7/ZWFF8ykFM6Pc9aCVf1+xasOOZpO3BAVgVrKvsqKHV7w==

minimist@^1.2.5:
  version "1.2.5"
  resolved "https://registry.yarnpkg.com/minimist/-/minimist-1.2.5.tgz#67d66014b66a6a8aaa0c083c5fd58df4e4e97602"
  integrity sha512-FM9nNUYrRBAELZQT3xeZQ7fmMOBg6nWNmJKTcgsJeaLstP/UODVpGsr5OhXhhXg6f+qtJ8uiZ+PUxkDWcgIXLw==

ramda-fantasy@^0.8.0:
  version "0.8.0"
  resolved "https://registry.yarnpkg.com/ramda-fantasy/-/ramda-fantasy-0.8.0.tgz#9e8c37d93ec0a70796cfc10873dd9c50850390f6"
  integrity sha1-now32T7ApweWz8EIc92cUIUDkPY=
  dependencies:
    ramda ">=0.15.0"

ramda@>=0.15.0, ramda@^0.27.0:
  version "0.27.0"
  resolved "https://registry.yarnpkg.com/ramda/-/ramda-0.27.0.tgz#915dc29865c0800bf3f69b8fd6c279898b59de43"
  integrity sha512-pVzZdDpWwWqEVVLshWUHjNwuVP7SfcmPraYuqocJp1yo2U1R7P+5QAfDhdItkuoGqIBnBYrtPp7rEPqDn9HlZA==
